
Microsoft Visual Studio Solution File, Format Version 12.00
# Visual Studio Version 17
VisualStudioVersion = 17.5.33424.131
MinimumVisualStudioVersion = 10.0.40219.1
Project("{9A19103F-16F7-4668-BE54-9A1E7A4F7556}") = "NiftyPerforce", "NiftyPerforce\NiftyPerforce.csproj", "{4633E0B5-D536-4FCC-988E-29D54DA113DF}"
EndProject
Project("{FAE04EC0-301F-11D3-BF4B-00C04F79EFBC}") = "NiftyPerforce.Core", "NiftyPerforce.Core\NiftyPerforce.Core.csproj", "{D3C31D0F-0DEE-4675-9342-B7490F8DEE12}"
EndProject
Project("{FAE04EC0-301F-11D3-BF4B-00C04F79EFBC}") = "NiftyPerforce.Core.Tests", "NiftyPerforce.Core.Tests\NiftyPerforce.Core.Tests.csproj", "{8F68CAF9-8E7F-4235-AD30-601A22758F1E}"
EndProject
Project("{FAE04EC0-301F-11D3-BF4B-00C04F79EFBC}") = "NiftyPerforce.Tests", "NiftyPerforce.Tests\NiftyPerforce.Tests.csproj", "{AEC76E3F-58C7-4733-81E1-3D56DD3EFB99}"
EndProject
Project("{2150E333-8FDC-42A3-9474-1A3956D46DE8}") = "GithubActions", "GithubActions", "{EAFAD58B-C12C-4FCE-AC50-3B04143946E6}"
	ProjectSection(SolutionItems) = preProject
		.github\workflows\build-and-publish.yml = .github\workflows\build-and-publish.yml
		.github\dependabot.yml = .github\dependabot.yml
	EndProjectSection
EndProject
Project("{2150E333-8FDC-42A3-9474-1A3956D46DE8}") = "Solution Items", "Solution Items", "{D9887FB7-0D0E-4B27-BC6C-2E59CE41AF8D}"
	ProjectSection(SolutionItems) = preProject
		.editorconfig = .editorconfig
		.pre-commit-config.yaml = .pre-commit-config.yaml
		Directory.Build.props = Directory.Build.props
	EndProjectSection
EndProject
Global
	GlobalSection(SolutionConfigurationPlatforms) = preSolution
		Debug Legacy|Any CPU = Debug Legacy|Any CPU
		Debug|Any CPU = Debug|Any CPU
		Release Legacy|Any CPU = Release Legacy|Any CPU
		Release|Any CPU = Release|Any CPU
	EndGlobalSection
	GlobalSection(ProjectConfigurationPlatforms) = postSolution
		{4633E0B5-D536-4FCC-988E-29D54DA113DF}.Debug Legacy|Any CPU.ActiveCfg = Debug Legacy|Any CPU
		{4633E0B5-D536-4FCC-988E-29D54DA113DF}.Debug Legacy|Any CPU.Build.0 = Debug Legacy|Any CPU
		{4633E0B5-D536-4FCC-988E-29D54DA113DF}.Debug|Any CPU.ActiveCfg = Debug|Any CPU
		{4633E0B5-D536-4FCC-988E-29D54DA113DF}.Debug|Any CPU.Build.0 = Debug|Any CPU
		{4633E0B5-D536-4FCC-988E-29D54DA113DF}.Release Legacy|Any CPU.ActiveCfg = Release Legacy|Any CPU
		{4633E0B5-D536-4FCC-988E-29D54DA113DF}.Release Legacy|Any CPU.Build.0 = Release Legacy|Any CPU
		{4633E0B5-D536-4FCC-988E-29D54DA113DF}.Release|Any CPU.ActiveCfg = Release|Any CPU
		{4633E0B5-D536-4FCC-988E-29D54DA113DF}.Release|Any CPU.Build.0 = Release|Any CPU
		{D3C31D0F-0DEE-4675-9342-B7490F8DEE12}.Debug Legacy|Any CPU.ActiveCfg = Debug|Any CPU
		{D3C31D0F-0DEE-4675-9342-B7490F8DEE12}.Debug Legacy|Any CPU.Build.0 = Debug|Any CPU
		{D3C31D0F-0DEE-4675-9342-B7490F8DEE12}.Debug|Any CPU.ActiveCfg = Debug|Any CPU
		{D3C31D0F-0DEE-4675-9342-B7490F8DEE12}.Debug|Any CPU.Build.0 = Debug|Any CPU
		{D3C31D0F-0DEE-4675-9342-B7490F8DEE12}.Release Legacy|Any CPU.ActiveCfg = Release|Any CPU
		{D3C31D0F-0DEE-4675-9342-B7490F8DEE12}.Release Legacy|Any CPU.Build.0 = Release|Any CPU
		{D3C31D0F-0DEE-4675-9342-B7490F8DEE12}.Release|Any CPU.ActiveCfg = Release|Any CPU
		{D3C31D0F-0DEE-4675-9342-B7490F8DEE12}.Release|Any CPU.Build.0 = Release|Any CPU
		{8F68CAF9-8E7F-4235-AD30-601A22758F1E}.Debug Legacy|Any CPU.ActiveCfg = Debug|Any CPU
		{8F68CAF9-8E7F-4235-AD30-601A22758F1E}.Debug Legacy|Any CPU.Build.0 = Debug|Any CPU
		{8F68CAF9-8E7F-4235-AD30-601A22758F1E}.Debug|Any CPU.ActiveCfg = Debug|Any CPU
		{8F68CAF9-8E7F-4235-AD30-601A22758F1E}.Debug|Any CPU.Build.0 = Debug|Any CPU
		{8F68CAF9-8E7F-4235-AD30-601A22758F1E}.Release Legacy|Any CPU.ActiveCfg = Release|Any CPU
		{8F68CAF9-8E7F-4235-AD30-601A22758F1E}.Release Legacy|Any CPU.Build.0 = Release|Any CPU
		{8F68CAF9-8E7F-4235-AD30-601A22758F1E}.Release|Any CPU.ActiveCfg = Release|Any CPU
		{8F68CAF9-8E7F-4235-AD30-601A22758F1E}.Release|Any CPU.Build.0 = Release|Any CPU
		{AEC76E3F-58C7-4733-81E1-3D56DD3EFB99}.Debug Legacy|Any CPU.ActiveCfg = Debug|Any CPU
		{AEC76E3F-58C7-4733-81E1-3D56DD3EFB99}.Debug Legacy|Any CPU.Build.0 = Debug|Any CPU
		{AEC76E3F-58C7-4733-81E1-3D56DD3EFB99}.Debug|Any CPU.ActiveCfg = Debug|Any CPU
		{AEC76E3F-58C7-4733-81E1-3D56DD3EFB99}.Debug|Any CPU.Build.0 = Debug|Any CPU
		{AEC76E3F-58C7-4733-81E1-3D56DD3EFB99}.Release Legacy|Any CPU.ActiveCfg = Release|Any CPU
		{AEC76E3F-58C7-4733-81E1-3D56DD3EFB99}.Release Legacy|Any CPU.Build.0 = Release|Any CPU
		{AEC76E3F-58C7-4733-81E1-3D56DD3EFB99}.Release|Any CPU.ActiveCfg = Release|Any CPU
		{AEC76E3F-58C7-4733-81E1-3D56DD3EFB99}.Release|Any CPU.Build.0 = Release|Any CPU
	EndGlobalSection
	GlobalSection(SolutionProperties) = preSolution
		HideSolutionNode = FALSE
	EndGlobalSection
	GlobalSection(ExtensibilityGlobals) = postSolution
		SolutionGuid = {C61E079E-FABA-466A-95C9-7A2082485980}
	EndGlobalSection
EndGlobal
